
Microsoft Visual Studio Solution File, Format Version 12.00
# Visual Studio 15
VisualStudioVersion = 15.0.26730.16
MinimumVisualStudioVersion = 10.0.40219.1
Project("{8BC9CEB8-8B4A-11D0-8D11-00A0C91BC942}") = "NB_RG", "NB_RG\NB_RG.vcxproj", "{1A7BC5CE-3CF6-4AFE-B25A-9A767FE65A36}"
EndProject
Global
	GlobalSection(SolutionConfigurationPlatforms) = preSolution
		Debug|x64 = Debug|x64
		Debug|x86 = Debug|x86
		Release|x64 = Release|x64
		Release|x86 = Release|x86
	EndGlobalSection
	GlobalSection(ProjectConfigurationPlatforms) = postSolution
		{1A7BC5CE-3CF6-4AFE-B25A-9A767FE65A36}.Debug|x64.ActiveCfg = Debug|x64
		{1A7BC5CE-3CF6-4AFE-B25A-9A767FE65A36}.Debug|x64.Build.0 = Debug|x64
		{1A7BC5CE-3CF6-4AFE-B25A-9A767FE65A36}.Debug|x86.ActiveCfg = Debug|Win32
		{1A7BC5CE-3CF6-4AFE-B25A-9A767FE65A36}.Debug|x86.Build.0 = Debug|Win32
		{1A7BC5CE-3CF6-4AFE-B25A-9A767FE65A36}.Release|x64.ActiveCfg = Release|x64
		{1A7BC5CE-3CF6-4AFE-B25A-9A767FE65A36}.Release|x64.Build.0 = Release|x64
		{1A7BC5CE-3CF6-4AFE-B25A-9A767FE65A36}.Release|x86.ActiveCfg = Release|Win32
		{1A7BC5CE-3CF6-4AFE-B25A-9A767FE65A36}.Release|x86.Build.0 = Release|Win32
	EndGlobalSection
	GlobalSection(SolutionProperties) = preSolution
		HideSolutionNode = FALSE
	EndGlobalSection
	GlobalSection(ExtensibilityGlobals) = postSolution
		SolutionGuid = {4699E202-5CC1-4DD2-9BA6-DA0A133C6035}
	EndGlobalSection
EndGlobal
